dependencies:
- name: keycloakx
  repository: https://codecentric.github.io/helm-charts
  version: 7.1.11
- name: valkey
  repository: https://valkey.io/valkey-helm/
  version: 0.9.4
- name: harbor
  repository: https://helm.goharbor.io
  version: 1.18.4
- name: common
  repository: oci://registry-1.docker.io/bitnamicharts
  version: 2.40.0
digest: sha256:dd9129c1fb761fc5b4429de196d8e370474341b254c38d0ab189c1eb341de3a1
generated: "2026-06-02T10:47:00.005055485+08:00"
