dependencies:
- name: keycloakx
  repository: https://codecentric.github.io/helm-charts
  version: 7.1.7
- name: valkey
  repository: https://valkey.io/valkey-helm/
  version: 0.9.3
digest: sha256:293e6ffdf794fad868c8df5a76e481ac82ecb1a1b1f3353936d5e7f40fbdff47
generated: "2026-01-26T06:38:44.596179025Z"
