dependencies:
- name: kserve-llmisvc-resources
  repository: oci://ghcr.io/kserve/charts
  version: v0.19.0
- name: kserve-localmodel-resources
  repository: oci://ghcr.io/kserve/charts
  version: v0.19.0
digest: sha256:995a3fba10c06f574fa28ad8dea9b7926ee996c240a30e6867debd11cacd6503
generated: "2026-06-30T10:09:36.484179261+08:00"
