dependencies:
- name: kserve-llmisvc-resources
  repository: oci://ghcr.io/kserve/charts
  version: v0.18.0-rc1
- name: kserve-localmodel-resources
  repository: oci://ghcr.io/kserve/charts
  version: v0.18.0-rc1
digest: sha256:e7422f1e8e136287634f95ee73e6e5303218b52aba9a37cf259eda8143530d69
generated: "2026-04-29T14:20:28.714279881+08:00"
