dependencies:
- name: kserve-llmisvc-crd
  repository: oci://ghcr.io/kserve/charts
  version: v0.19.0
- name: kserve-localmodel-crd
  repository: oci://ghcr.io/kserve/charts
  version: v0.19.0
digest: sha256:a53519f97f40d378210a0e7bb454fc12e499d6164108f0f0fa4ff69ee143d751
generated: "2026-06-30T10:09:23.358860806+08:00"
